
Microsoft Visual Studio Solution File, Format Version 12.00
# Visual Studio Version 17
VisualStudioVersion = 17.5.33530.505
MinimumVisualStudioVersion = 10.0.40219.1
Project("{9A19103F-16F7-4668-BE54-9A1E7A4F7556}") = "Tibos.Pipeline.Api", "Tibos.Pipeline.Api.csproj", "{83F6A889-86E4-4997-B9E1-73781F9D64D3}"
EndProject
Global
	GlobalSection(SolutionConfigurationPlatforms) = preSolution
		Debug|Any CPU = Debug|Any CPU
		Release|Any CPU = Release|Any CPU
	EndGlobalSection
	GlobalSection(ProjectConfigurationPlatforms) = postSolution
		{83F6A889-86E4-4997-B9E1-73781F9D64D3}.Debug|Any CPU.ActiveCfg = Debug|Any CPU
		{83F6A889-86E4-4997-B9E1-73781F9D64D3}.Debug|Any CPU.Build.0 = Debug|Any CPU
		{83F6A889-86E4-4997-B9E1-73781F9D64D3}.Release|Any CPU.ActiveCfg = Release|Any CPU
		{83F6A889-86E4-4997-B9E1-73781F9D64D3}.Release|Any CPU.Build.0 = Release|Any CPU
	EndGlobalSection
	GlobalSection(SolutionProperties) = preSolution
		HideSolutionNode = FALSE
	EndGlobalSection
	GlobalSection(ExtensibilityGlobals) = postSolution
		SolutionGuid = {5D4D41FD-1908-4094-BD94-F2C16E1972E3}
	EndGlobalSection
EndGlobal
